<?xml version="1.0" encoding="utf-8"?>
<Project ToolsVersion="4.0" xmlns="http://schemas.microsoft.com/developer/msbuild/2003">
  <ItemGroup>
    <ClCompile Include="src\GamingScene2.cpp">
      <Filter>src</Filter>
    </ClCompile>
    <ClCompile Include="src\JungleApp.cpp">
      <Filter>src</Filter>
    </ClCompile>
    <ClCompile Include="src\main.cpp">
      <Filter>src</Filter>
    </ClCompile>
    <ClCompile Include="src\State.cpp">
      <Filter>src</Filter>
    </ClCompile>
    <ClCompile Include="src\StateManager.cpp">
      <Filter>src</Filter>
    </ClCompile>
    <ClCompile Include="..\..\..\addons\ofxKinectUsers\src\Bone3D.cpp">
      <Filter>addons\ofxKinectUsers</Filter>
    </ClCompile>
    <ClCompile Include="..\..\..\addons\ofxKinectUsers\src\ofxGestures.cpp">
      <Filter>addons\ofxKinectUsers</Filter>
    </ClCompile>
    <ClCompile Include="..\..\..\addons\ofxKinectUsers\src\ofxHandManager.cpp">
      <Filter>addons\ofxKinectUsers</Filter>
    </ClCompile>
    <ClCompile Include="..\..\..\addons\ofxKinectUsers\src\ofxKinectUsers.cpp">
      <Filter>addons\ofxKinectUsers</Filter>
    </ClCompile>
    <ClCompile Include="..\..\..\addons\ofxOpenNI\src\ofxUserGenerator.cpp">
      <Filter>addons\ofxKinectUsers</Filter>
    </ClCompile>
    <ClCompile Include="..\..\..\addons\ofxKinectUsers\src\ofxUser.cpp">
      <Filter>addons\ofxKinectUsers</Filter>
    </ClCompile>
    <ClCompile Include="..\..\..\addons\ofxOpenNI\src\ofxTrackedHand.cpp">
      <Filter>addons\ofxKinectUsers</Filter>
    </ClCompile>
    <ClCompile Include="..\..\..\addons\ofxOpenNI\src\ofxTrackedUser.cpp">
      <Filter>addons\ofxKinectUsers</Filter>
    </ClCompile>
    <ClCompile Include="..\..\..\addons\ofxOpenNI\src\ofxOpenNIRecorder.cpp">
      <Filter>addons\ofxOpenNI</Filter>
    </ClCompile>
    <ClCompile Include="..\..\..\addons\ofxOpenNI\src\ofxIRGenerator.cpp">
      <Filter>addons\ofxOpenNI</Filter>
    </ClCompile>
    <ClCompile Include="..\..\..\addons\ofxOpenNI\src\ofxImageGenerator.cpp">
      <Filter>addons\ofxOpenNI</Filter>
    </ClCompile>
    <ClCompile Include="..\..\..\addons\ofxOpenNI\src\ofxHardwareDriver.cpp">
      <Filter>addons\ofxOpenNI</Filter>
    </ClCompile>
    <ClCompile Include="..\..\..\addons\ofxOpenNI\src\ofxOpenNIContext.cpp">
      <Filter>addons\ofxOpenNI</Filter>
    </ClCompile>
    <ClCompile Include="..\..\..\addons\ofxKinectUsers\src\ofxOpenNIProxy.cpp">
      <Filter>addons\ofxKinectUsers</Filter>
    </ClCompile>
    <ClCompile Include="..\..\..\addons\ofxOsc\libs\oscpack\src\ip\IpEndpointName.cpp">
      <Filter>addons\ofxOthers</Filter>
    </ClCompile>
    <ClCompile Include="..\..\..\addons\ofxOsc\libs\oscpack\src\ip\posix\NetworkingUtils.cpp">
      <Filter>addons\ofxOthers</Filter>
    </ClCompile>
    <ClCompile Include="..\..\..\addons\ofxOsc\libs\oscpack\src\ip\win32\NetworkingUtilsWin.cpp">
      <Filter>addons\ofxOthers</Filter>
    </ClCompile>
    <ClCompile Include="..\..\..\addons\ofxAssimpModelLoader\src\ofxAssimpModelLoader.cpp">
      <Filter>addons\ofxOthers</Filter>
    </ClCompile>
    <ClCompile Include="..\..\..\addons\ofxOpenNI\src\ofxDepthGenerator.cpp">
      <Filter>addons\ofxOthers</Filter>
    </ClCompile>
    <ClCompile Include="..\..\..\addons\ofxGifDecoder\src\ofxGifDecoder.cpp">
      <Filter>addons\ofxOthers</Filter>
    </ClCompile>
    <ClCompile Include="..\..\..\addons\ofxGifDecoder\src\ofxGifFile.cpp">
      <Filter>addons\ofxOthers</Filter>
    </ClCompile>
    <ClCompile Include="..\..\..\addons\ofxGifDecoder\src\ofxGifFrame.cpp">
      <Filter>addons\ofxOthers</Filter>
    </ClCompile>
    <ClCompile Include="..\..\..\addons\ofxOsc\src\ofxOscBundle.cpp">
      <Filter>addons\ofxOthers</Filter>
    </ClCompile>
    <ClCompile Include="..\..\..\addons\ofxOsc\src\ofxOscMessage.cpp">
      <Filter>addons\ofxOthers</Filter>
    </ClCompile>
    <ClCompile Include="..\..\..\addons\ofxOsc\src\ofxOscReceiver.cpp">
      <Filter>addons\ofxOthers</Filter>
    </ClCompile>
    <ClCompile Include="..\..\..\addons\ofxOsc\src\ofxOscSender.cpp">
      <Filter>addons\ofxOthers</Filter>
    </ClCompile>
    <ClCompile Include="..\..\..\addons\ofxXmlSettings\src\ofxXmlSettings.cpp">
      <Filter>addons\ofxOthers</Filter>
    </ClCompile>
    <ClCompile Include="..\..\..\addons\ofxOsc\libs\oscpack\src\osc\OscOutboundPacketStream.cpp">
      <Filter>addons\ofxOthers</Filter>
    </ClCompile>
    <ClCompile Include="..\..\..\addons\ofxOsc\libs\oscpack\src\osc\OscPrintReceivedElements.cpp">
      <Filter>addons\ofxOthers</Filter>
    </ClCompile>
    <ClCompile Include="..\..\..\addons\ofxOsc\libs\oscpack\src\osc\OscReceivedElements.cpp">
      <Filter>addons\ofxOthers</Filter>
    </ClCompile>
    <ClCompile Include="..\..\..\addons\ofxOsc\libs\oscpack\src\osc\OscTypes.cpp">
      <Filter>addons\ofxOthers</Filter>
    </ClCompile>
    <ClCompile Include="..\..\..\addons\ofxXmlSettings\libs\tinyxml.cpp">
      <Filter>addons\ofxOthers</Filter>
    </ClCompile>
    <ClCompile Include="..\..\..\addons\ofxXmlSettings\libs\tinyxmlerror.cpp">
      <Filter>addons\ofxOthers</Filter>
    </ClCompile>
    <ClCompile Include="..\..\..\addons\ofxXmlSettings\libs\tinyxmlparser.cpp">
      <Filter>addons\ofxOthers</Filter>
    </ClCompile>
    <ClCompile Include="..\..\..\addons\ofxOsc\libs\oscpack\src\ip\posix\UdpSocket.cpp">
      <Filter>addons\ofxOthers</Filter>
    </ClCompile>
    <ClCompile Include="..\..\..\addons\ofxOsc\libs\oscpack\src\ip\win32\UdpSocketWin.cpp">
      <Filter>addons\ofxOthers</Filter>
    </ClCompile>
    <ClCompile Include="..\..\..\addons\ofxOpenNI\src\ofxHandGenerator.cpp">
      <Filter>addons\ofxOpenNI</Filter>
    </ClCompile>
    <ClCompile Include="..\..\..\addons\ofxOpenNI\src\ofxGestureGenerator.cpp">
      <Filter>addons\ofxOpenNI</Filter>
    </ClCompile>
    <ClCompile Include="src\GamingScene3.cpp">
      <Filter>src</Filter>
    </ClCompile>
    <ClCompile Include="src\GamingScene4.cpp">
      <Filter>src</Filter>
    </ClCompile>
    <ClCompile Include="..\..\..\addons\ofxParticleEmitter\src\ofx3DParticleEmitter.cpp">
      <Filter>addons\ofxParticleEmitter</Filter>
    </ClCompile>
    <ClCompile Include="..\..\..\addons\ofxParticleEmitter\src\ofxListParticleEmitter.cpp">
      <Filter>addons\ofxParticleEmitter</Filter>
    </ClCompile>
    <ClCompile Include="..\..\..\addons\ofxParticleEmitter\src\ofxParticleEmitter.cpp">
      <Filter>addons\ofxParticleEmitter</Filter>
    </ClCompile>
    <ClCompile Include="src\ButterFly.cpp">
      <Filter>src</Filter>
    </ClCompile>
    <ClCompile Include="src\SceneObject.cpp">
      <Filter>src</Filter>
    </ClCompile>
    <ClCompile Include="src\SceneManager.cpp">
      <Filter>src</Filter>
    </ClCompile>
    <ClCompile Include="src\GamingScene1.cpp">
      <Filter>src</Filter>
    </ClCompile>
    <ClCompile Include="src\WindGenerator.cpp">
      <Filter>src</Filter>
    </ClCompile>
    <ClCompile Include="src\GamingScene5.cpp">
      <Filter>src</Filter>
    </ClCompile>
    <ClCompile Include="src\Flower.cpp">
      <Filter>src</Filter>
    </ClCompile>
    <ClCompile Include="src\WindParticle.cpp">
      <Filter>src</Filter>
    </ClCompile>
  </ItemGroup>
  <ItemGroup>
    <ClInclude Include="src\GamingScene2.h">
      <Filter>src</Filter>
    </ClInclude>
    <ClInclude Include="src\JungleApp.h">
      <Filter>src</Filter>
    </ClInclude>
    <ClInclude Include="src\State.h">
      <Filter>src</Filter>
    </ClInclude>
    <ClInclude Include="src\StateManager.h">
      <Filter>src</Filter>
    </ClInclude>
    <ClInclude Include="..\..\..\addons\ofxKinectUsers\src\Bone3D.h">
      <Filter>addons\ofxKinectUsers</Filter>
    </ClInclude>
    <ClInclude Include="..\..\..\addons\ofxKinectUsers\src\ofxGestures.h">
      <Filter>addons\ofxKinectUsers</Filter>
    </ClInclude>
    <ClInclude Include="..\..\..\addons\ofxKinectUsers\src\ofxHandManager.h">
      <Filter>addons\ofxKinectUsers</Filter>
    </ClInclude>
    <ClInclude Include="..\..\..\addons\ofxKinectUsers\src\ofxKinectUsers.h">
      <Filter>addons\ofxKinectUsers</Filter>
    </ClInclude>
    <ClInclude Include="..\..\..\addons\ofxOpenNI\src\ofxUserGenerator.h">
      <Filter>addons\ofxKinectUsers</Filter>
    </ClInclude>
    <ClInclude Include="..\..\..\addons\ofxKinectUsers\src\ofxUser.h">
      <Filter>addons\ofxKinectUsers</Filter>
    </ClInclude>
    <ClInclude Include="..\..\..\addons\ofxOpenNI\src\ofxTrackedHand.h">
      <Filter>addons\ofxKinectUsers</Filter>
    </ClInclude>
    <ClInclude Include="..\..\..\addons\ofxOpenNI\src\ofxTrackedUser.h">
      <Filter>addons\ofxKinectUsers</Filter>
    </ClInclude>
    <ClInclude Include="..\..\..\addons\ofxOpenNI\include\openni\XnAlgorithms.h">
      <Filter>addons\ofxOpenNI</Filter>
    </ClInclude>
    <ClInclude Include="..\..\..\addons\ofxOpenNI\include\openni\XnArray.h">
      <Filter>addons\ofxOpenNI</Filter>
    </ClInclude>
    <ClInclude Include="..\..\..\addons\ofxOpenNI\include\openni\XnBaseNode.h">
      <Filter>addons\ofxOpenNI</Filter>
    </ClInclude>
    <ClInclude Include="..\..\..\addons\ofxOpenNI\include\openni\XnBitSet.h">
      <Filter>addons\ofxOpenNI</Filter>
    </ClInclude>
    <ClInclude Include="..\..\..\addons\ofxOpenNI\include\openni\XnCallback.h">
      <Filter>addons\ofxOpenNI</Filter>
    </ClInclude>
    <ClInclude Include="..\..\..\addons\ofxOpenNI\include\openni\XnCodecIDs.h">
      <Filter>addons\ofxOpenNI</Filter>
    </ClInclude>
    <ClInclude Include="..\..\..\addons\ofxOpenNI\include\nite\XnCommon.h">
      <Filter>addons\ofxOpenNI</Filter>
    </ClInclude>
    <ClInclude Include="..\..\..\addons\ofxOpenNI\include\openni\XnContext.h">
      <Filter>addons\ofxOpenNI</Filter>
    </ClInclude>
    <ClInclude Include="..\..\..\addons\ofxOpenNI\include\openni\XnCppWrapper.h">
      <Filter>addons\ofxOpenNI</Filter>
    </ClInclude>
    <ClInclude Include="..\..\..\addons\ofxOpenNI\include\openni\XnDataTypes.h">
      <Filter>addons\ofxOpenNI</Filter>
    </ClInclude>
    <ClInclude Include="..\..\..\addons\ofxOpenNI\include\openni\XnDerivedCast.h">
      <Filter>addons\ofxOpenNI</Filter>
    </ClInclude>
    <ClInclude Include="..\..\..\addons\ofxOpenNI\include\openni\XnDump.h">
      <Filter>addons\ofxOpenNI</Filter>
    </ClInclude>
    <ClInclude Include="..\..\..\addons\ofxOpenNI\include\openni\XnDumpWriters.h">
      <Filter>addons\ofxOpenNI</Filter>
    </ClInclude>
    <ClInclude Include="..\..\..\addons\ofxOpenNI\include\openni\XnEnumerationErrors.h">
      <Filter>addons\ofxOpenNI</Filter>
    </ClInclude>
    <ClInclude Include="..\..\..\addons\ofxOpenNI\include\openni\XnEvent.h">
      <Filter>addons\ofxOpenNI</Filter>
    </ClInclude>
    <ClInclude Include="..\..\..\addons\ofxOpenNI\include\openni\XnFPSCalculator.h">
      <Filter>addons\ofxOpenNI</Filter>
    </ClInclude>
    <ClInclude Include="..\..\..\addons\ofxOpenNI\include\openni\XnGeneralBuffer.h">
      <Filter>addons\ofxOpenNI</Filter>
    </ClInclude>
    <ClInclude Include="..\..\..\addons\ofxOpenNI\include\openni\XnHash.h">
      <Filter>addons\ofxOpenNI</Filter>
    </ClInclude>
    <ClInclude Include="..\..\..\addons\ofxOpenNI\include\openni\XnInternalDefs.h">
      <Filter>addons\ofxOpenNI</Filter>
    </ClInclude>
    <ClInclude Include="..\..\..\addons\ofxOpenNI\include\openni\XnLicensing.h">
      <Filter>addons\ofxOpenNI</Filter>
    </ClInclude>
    <ClInclude Include="..\..\..\addons\ofxOpenNI\include\openni\XnList.h">
      <Filter>addons\ofxOpenNI</Filter>
    </ClInclude>
    <ClInclude Include="..\..\..\addons\ofxOpenNI\include\openni\XnLog.h">
      <Filter>addons\ofxOpenNI</Filter>
    </ClInclude>
    <ClInclude Include="..\..\..\addons\ofxOpenNI\include\openni\XnLogTypes.h">
      <Filter>addons\ofxOpenNI</Filter>
    </ClInclude>
    <ClInclude Include="..\..\..\addons\ofxOpenNI\include\openni\XnLogWriterBase.h">
      <Filter>addons\ofxOpenNI</Filter>
    </ClInclude>
    <ClInclude Include="..\..\..\addons\ofxOpenNI\include\openni\XnMacros.h">
      <Filter>addons\ofxOpenNI</Filter>
    </ClInclude>
    <ClInclude Include="..\..\..\addons\ofxOpenNI\include\openni\XnModuleCFunctions.h">
      <Filter>addons\ofxOpenNI</Filter>
    </ClInclude>
    <ClInclude Include="..\..\..\addons\ofxOpenNI\include\openni\XnModuleCppInterface.h">
      <Filter>addons\ofxOpenNI</Filter>
    </ClInclude>
    <ClInclude Include="..\..\..\addons\ofxOpenNI\include\openni\XnModuleCppRegistratration.h">
      <Filter>addons\ofxOpenNI</Filter>
    </ClInclude>
    <ClInclude Include="..\..\..\addons\ofxOpenNI\include\openni\XnModuleInterface.h">
      <Filter>addons\ofxOpenNI</Filter>
    </ClInclude>
    <ClInclude Include="..\..\..\addons\ofxOpenNI\include\openni\XnNode.h">
      <Filter>addons\ofxOpenNI</Filter>
    </ClInclude>
    <ClInclude Include="..\..\..\addons\ofxOpenNI\include\openni\XnNodeAllocator.h">
      <Filter>addons\ofxOpenNI</Filter>
    </ClInclude>
    <ClInclude Include="..\..\..\addons\ofxOpenNI\include\openni\XnOpenNI.h">
      <Filter>addons\ofxOpenNI</Filter>
    </ClInclude>
    <ClInclude Include="..\..\..\addons\ofxOpenNI\include\openni\XnOS.h">
      <Filter>addons\ofxOpenNI</Filter>
    </ClInclude>
    <ClInclude Include="..\..\..\addons\ofxOpenNI\include\openni\ARC\XnOSARC.h">
      <Filter>addons\ofxOpenNI</Filter>
    </ClInclude>
    <ClInclude Include="..\..\..\addons\ofxOpenNI\include\openni\XnOSCpp.h">
      <Filter>addons\ofxOpenNI</Filter>
    </ClInclude>
    <ClInclude Include="..\..\..\addons\ofxOpenNI\include\openni\Linux-x86\XnOSLinux-x86.h">
      <Filter>addons\ofxOpenNI</Filter>
    </ClInclude>
    <ClInclude Include="..\..\..\addons\ofxOpenNI\include\openni\XnOSMemory.h">
      <Filter>addons\ofxOpenNI</Filter>
    </ClInclude>
    <ClInclude Include="..\..\..\addons\ofxOpenNI\include\openni\XnOSStrings.h">
      <Filter>addons\ofxOpenNI</Filter>
    </ClInclude>
    <ClInclude Include="..\..\..\addons\ofxOpenNI\include\openni\Win32\XnOSWin32.h">
      <Filter>addons\ofxOpenNI</Filter>
    </ClInclude>
    <ClInclude Include="..\..\..\addons\ofxOpenNI\include\openni\XnPlatform.h">
      <Filter>addons\ofxOpenNI</Filter>
    </ClInclude>
    <ClInclude Include="..\..\..\addons\ofxOpenNI\include\openni\Android-Arm\XnPlatformAndroid-Arm.h">
      <Filter>addons\ofxOpenNI</Filter>
    </ClInclude>
    <ClInclude Include="..\..\..\addons\ofxOpenNI\include\openni\ARC\XnPlatformARC.h">
      <Filter>addons\ofxOpenNI</Filter>
    </ClInclude>
    <ClInclude Include="..\..\..\addons\ofxOpenNI\include\openni\Linux-Arm\XnPlatformLinux-Arm.h">
      <Filter>addons\ofxOpenNI</Filter>
    </ClInclude>
    <ClInclude Include="..\..\..\addons\ofxOpenNI\include\openni\Linux-x86\XnPlatformLinux-x86.h">
      <Filter>addons\ofxOpenNI</Filter>
    </ClInclude>
    <ClInclude Include="..\..\..\addons\ofxOpenNI\include\openni\MacOSX\XnPlatformMacOSX.h">
      <Filter>addons\ofxOpenNI</Filter>
    </ClInclude>
    <ClInclude Include="..\..\..\addons\ofxOpenNI\include\openni\Win32\XnPlatformWin32.h">
      <Filter>addons\ofxOpenNI</Filter>
    </ClInclude>
    <ClInclude Include="..\..\..\addons\ofxOpenNI\include\openni\XnPrdNode.h">
      <Filter>addons\ofxOpenNI</Filter>
    </ClInclude>
    <ClInclude Include="..\..\..\addons\ofxOpenNI\include\openni\XnPrdNodeInfo.h">
      <Filter>addons\ofxOpenNI</Filter>
    </ClInclude>
    <ClInclude Include="..\..\..\addons\ofxOpenNI\include\openni\XnPrdNodeInfoList.h">
      <Filter>addons\ofxOpenNI</Filter>
    </ClInclude>
    <ClInclude Include="..\..\..\addons\ofxOpenNI\include\openni\XnProfiling.h">
      <Filter>addons\ofxOpenNI</Filter>
    </ClInclude>
    <ClInclude Include="..\..\..\addons\ofxOpenNI\include\openni\XnPropNames.h">
      <Filter>addons\ofxOpenNI</Filter>
    </ClInclude>
    <ClInclude Include="..\..\..\addons\ofxOpenNI\include\openni\XnQueries.h">
      <Filter>addons\ofxOpenNI</Filter>
    </ClInclude>
    <ClInclude Include="..\..\..\addons\ofxOpenNI\include\openni\XnQueue.h">
      <Filter>addons\ofxOpenNI</Filter>
    </ClInclude>
    <ClInclude Include="..\..\..\addons\ofxOpenNI\include\openni\XnScheduler.h">
      <Filter>addons\ofxOpenNI</Filter>
    </ClInclude>
    <ClInclude Include="..\..\..\addons\ofxOpenNI\include\openni\XnStack.h">
      <Filter>addons\ofxOpenNI</Filter>
    </ClInclude>
    <ClInclude Include="..\..\..\addons\ofxOpenNI\include\openni\XnStatus.h">
      <Filter>addons\ofxOpenNI</Filter>
    </ClInclude>
    <ClInclude Include="..\..\..\addons\ofxOpenNI\include\openni\XnStatusCodes.h">
      <Filter>addons\ofxOpenNI</Filter>
    </ClInclude>
    <ClInclude Include="..\..\..\addons\ofxOpenNI\include\openni\XnStatusRegister.h">
      <Filter>addons\ofxOpenNI</Filter>
    </ClInclude>
    <ClInclude Include="..\..\..\addons\ofxOpenNI\include\openni\XnStringsHash.h">
      <Filter>addons\ofxOpenNI</Filter>
    </ClInclude>
    <ClInclude Include="..\..\..\addons\ofxOpenNI\include\openni\XnThreadSafeQueue.h">
      <Filter>addons\ofxOpenNI</Filter>
    </ClInclude>
    <ClInclude Include="..\..\..\addons\ofxOpenNI\include\openni\XnTypes.h">
      <Filter>addons\ofxOpenNI</Filter>
    </ClInclude>
    <ClInclude Include="..\..\..\addons\ofxOpenNI\include\openni\XnUSB.h">
      <Filter>addons\ofxOpenNI</Filter>
    </ClInclude>
    <ClInclude Include="..\..\..\addons\ofxOpenNI\include\openni\XnUSBDevice.h">
      <Filter>addons\ofxOpenNI</Filter>
    </ClInclude>
    <ClInclude Include="..\..\..\addons\ofxOpenNI\include\openni\XnUtils.h">
      <Filter>addons\ofxOpenNI</Filter>
    </ClInclude>
    <ClInclude Include="..\..\..\addons\ofxOpenNI\include\nite\XnV3DVector.h">
      <Filter>addons\ofxOpenNI</Filter>
    </ClInclude>
    <ClInclude Include="..\..\..\addons\ofxOpenNI\include\nite\XnVActivationMessage.h">
      <Filter>addons\ofxOpenNI</Filter>
    </ClInclude>
    <ClInclude Include="..\..\..\addons\ofxOpenNI\include\nite\XnVBroadcaster.h">
      <Filter>addons\ofxOpenNI</Filter>
    </ClInclude>
    <ClInclude Include="..\..\..\addons\ofxOpenNI\include\nite\XnVCCMessage.h">
      <Filter>addons\ofxOpenNI</Filter>
    </ClInclude>
    <ClInclude Include="..\..\..\addons\ofxOpenNI\include\nite\XnVCircle.h">
      <Filter>addons\ofxOpenNI</Filter>
    </ClInclude>
    <ClInclude Include="..\..\..\addons\ofxOpenNI\include\nite\XnVCircleDetector.h">
      <Filter>addons\ofxOpenNI</Filter>
    </ClInclude>
    <ClInclude Include="..\..\..\addons\ofxOpenNI\include\nite\XnVClickableVirtualPlane.h">
      <Filter>addons\ofxOpenNI</Filter>
    </ClInclude>
    <ClInclude Include="..\..\..\addons\ofxOpenNI\include\nite\XnVComplexMessage.h">
      <Filter>addons\ofxOpenNI</Filter>
    </ClInclude>
    <ClInclude Include="..\..\..\addons\ofxOpenNI\include\nite\XnVDepthControl.h">
      <Filter>addons\ofxOpenNI</Filter>
    </ClInclude>
    <ClInclude Include="..\..\..\addons\ofxOpenNI\include\nite\XnVDepthGenerator.h">
      <Filter>addons\ofxOpenNI</Filter>
    </ClInclude>
    <ClInclude Include="..\..\..\addons\ofxOpenNI\include\nite\XnVDepthMessage.h">
      <Filter>addons\ofxOpenNI</Filter>
    </ClInclude>
    <ClInclude Include="..\..\..\addons\ofxOpenNI\include\nite\XnVDeviceControl.h">
      <Filter>addons\ofxOpenNI</Filter>
    </ClInclude>
    <ClInclude Include="..\..\..\addons\ofxOpenNI\include\nite\XnVDeviceFilter.h">
      <Filter>addons\ofxOpenNI</Filter>
    </ClInclude>
    <ClInclude Include="..\..\..\addons\ofxOpenNI\include\nite\XnVDeviceGenerator.h">
      <Filter>addons\ofxOpenNI</Filter>
    </ClInclude>
    <ClInclude Include="..\..\..\addons\ofxOpenNI\include\nite\XnVDeviceMessage.h">
      <Filter>addons\ofxOpenNI</Filter>
    </ClInclude>
    <ClInclude Include="..\..\..\addons\ofxOpenNI\include\nite\XnVDirection.h">
      <Filter>addons\ofxOpenNI</Filter>
    </ClInclude>
    <ClInclude Include="..\..\..\addons\ofxOpenNI\include\openni\XnVersion.h">
      <Filter>addons\ofxOpenNI</Filter>
    </ClInclude>
    <ClInclude Include="..\..\..\addons\ofxOpenNI\include\nite\XnVFilter.h">
      <Filter>addons\ofxOpenNI</Filter>
    </ClInclude>
    <ClInclude Include="..\..\..\addons\ofxOpenNI\include\nite\XnVFlowRouter.h">
      <Filter>addons\ofxOpenNI</Filter>
    </ClInclude>
    <ClInclude Include="..\..\..\addons\ofxOpenNI\include\nite\XnVGesture.h">
      <Filter>addons\ofxOpenNI</Filter>
    </ClInclude>
    <ClInclude Include="..\..\..\addons\ofxOpenNI\include\nite\XnVHandle.h">
      <Filter>addons\ofxOpenNI</Filter>
    </ClInclude>
    <ClInclude Include="..\..\..\addons\ofxOpenNI\include\nite\XnVHandPointContext.h">
      <Filter>addons\ofxOpenNI</Filter>
    </ClInclude>
    <ClInclude Include="..\..\..\addons\ofxOpenNI\include\nite\XnVImageGenerator.h">
      <Filter>addons\ofxOpenNI</Filter>
    </ClInclude>
    <ClInclude Include="..\..\..\addons\ofxOpenNI\include\nite\XnVImageMessage.h">
      <Filter>addons\ofxOpenNI</Filter>
    </ClInclude>
    <ClInclude Include="..\..\..\addons\ofxOpenNI\include\nite\XnVMathCommon.h">
      <Filter>addons\ofxOpenNI</Filter>
    </ClInclude>
    <ClInclude Include="..\..\..\addons\ofxOpenNI\include\nite\XnVMessage.h">
      <Filter>addons\ofxOpenNI</Filter>
    </ClInclude>
    <ClInclude Include="..\..\..\addons\ofxOpenNI\include\nite\XnVMessageGenerator.h">
      <Filter>addons\ofxOpenNI</Filter>
    </ClInclude>
    <ClInclude Include="..\..\..\addons\ofxOpenNI\include\nite\XnVMessageListener.h">
      <Filter>addons\ofxOpenNI</Filter>
    </ClInclude>
    <ClInclude Include="..\..\..\addons\ofxOpenNI\include\nite\XnVMessageMux.h">
      <Filter>addons\ofxOpenNI</Filter>
    </ClInclude>
    <ClInclude Include="..\..\..\addons\ofxOpenNI\include\nite\XnVMultiItemHysteresis1D.h">
      <Filter>addons\ofxOpenNI</Filter>
    </ClInclude>
    <ClInclude Include="..\..\..\addons\ofxOpenNI\include\nite\XnVMultiItemHysteresis2D.h">
      <Filter>addons\ofxOpenNI</Filter>
    </ClInclude>
    <ClInclude Include="..\..\..\addons\ofxOpenNI\include\nite\XnVMultipleHands.h">
      <Filter>addons\ofxOpenNI</Filter>
    </ClInclude>
    <ClInclude Include="..\..\..\addons\ofxOpenNI\include\nite\XnVMultiProcessFlowClient.h">
      <Filter>addons\ofxOpenNI</Filter>
    </ClInclude>
    <ClInclude Include="..\..\..\addons\ofxOpenNI\include\nite\XnVMultiProcessFlowServer.h">
      <Filter>addons\ofxOpenNI</Filter>
    </ClInclude>
    <ClInclude Include="..\..\..\addons\ofxOpenNI\include\nite\XnVNite.h">
      <Filter>addons\ofxOpenNI</Filter>
    </ClInclude>
    <ClInclude Include="..\..\..\addons\ofxOpenNI\include\nite\XnVNiteControls.h">
      <Filter>addons\ofxOpenNI</Filter>
    </ClInclude>
    <ClInclude Include="..\..\..\addons\ofxOpenNI\include\nite\XnVNiteDefs.h">
      <Filter>addons\ofxOpenNI</Filter>
    </ClInclude>
    <ClInclude Include="..\..\..\addons\ofxOpenNI\include\nite\XnVNiteFramework.h">
      <Filter>addons\ofxOpenNI</Filter>
    </ClInclude>
    <ClInclude Include="..\..\..\addons\ofxOpenNI\include\nite\XnVNiteLog.h">
      <Filter>addons\ofxOpenNI</Filter>
    </ClInclude>
    <ClInclude Include="..\..\..\addons\ofxOpenNI\include\nite\XnVNiteStatus.h">
      <Filter>addons\ofxOpenNI</Filter>
    </ClInclude>
    <ClInclude Include="..\..\..\addons\ofxOpenNI\include\nite\XnVNiteVersion.h">
      <Filter>addons\ofxOpenNI</Filter>
    </ClInclude>
    <ClInclude Include="..\..\..\addons\ofxOpenNI\include\nite\XnVPointArea.h">
      <Filter>addons\ofxOpenNI</Filter>
    </ClInclude>
    <ClInclude Include="..\..\..\addons\ofxOpenNI\include\nite\XnVPointControl.h">
      <Filter>addons\ofxOpenNI</Filter>
    </ClInclude>
    <ClInclude Include="..\..\..\addons\ofxOpenNI\include\nite\XnVPointDenoiser.h">
      <Filter>addons\ofxOpenNI</Filter>
    </ClInclude>
    <ClInclude Include="..\..\..\addons\ofxOpenNI\include\nite\XnVPointFilter.h">
      <Filter>addons\ofxOpenNI</Filter>
    </ClInclude>
    <ClInclude Include="..\..\..\addons\ofxOpenNI\include\nite\XnVPointMessage.h">
      <Filter>addons\ofxOpenNI</Filter>
    </ClInclude>
    <ClInclude Include="..\..\..\addons\ofxOpenNI\include\nite\XnVPointTracker.h">
      <Filter>addons\ofxOpenNI</Filter>
    </ClInclude>
    <ClInclude Include="..\..\..\addons\ofxOpenNI\include\nite\XnVPushDetector.h">
      <Filter>addons\ofxOpenNI</Filter>
    </ClInclude>
    <ClInclude Include="..\..\..\addons\ofxOpenNI\include\nite\XnVSelectableSlider1D.h">
      <Filter>addons\ofxOpenNI</Filter>
    </ClInclude>
    <ClInclude Include="..\..\..\addons\ofxOpenNI\include\nite\XnVSelectableSlider2D.h">
      <Filter>addons\ofxOpenNI</Filter>
    </ClInclude>
    <ClInclude Include="..\..\..\addons\ofxOpenNI\include\nite\XnVSessionGenerator.h">
      <Filter>addons\ofxOpenNI</Filter>
    </ClInclude>
    <ClInclude Include="..\..\..\addons\ofxOpenNI\include\nite\XnVSessionListener.h">
      <Filter>addons\ofxOpenNI</Filter>
    </ClInclude>
    <ClInclude Include="..\..\..\addons\ofxOpenNI\include\nite\XnVSessionManager.h">
      <Filter>addons\ofxOpenNI</Filter>
    </ClInclude>
    <ClInclude Include="..\..\..\addons\ofxOpenNI\include\nite\XnVSessionMessage.h">
      <Filter>addons\ofxOpenNI</Filter>
    </ClInclude>
    <ClInclude Include="..\..\..\addons\ofxOpenNI\include\nite\XnVSlider1D.h">
      <Filter>addons\ofxOpenNI</Filter>
    </ClInclude>
    <ClInclude Include="..\..\..\addons\ofxOpenNI\include\nite\XnVSlider2D.h">
      <Filter>addons\ofxOpenNI</Filter>
    </ClInclude>
    <ClInclude Include="..\..\..\addons\ofxOpenNI\include\nite\XnVSlider3D.h">
      <Filter>addons\ofxOpenNI</Filter>
    </ClInclude>
    <ClInclude Include="..\..\..\addons\ofxOpenNI\include\nite\XnVSteadyDetector.h">
      <Filter>addons\ofxOpenNI</Filter>
    </ClInclude>
    <ClInclude Include="..\..\..\addons\ofxOpenNI\include\nite\XnVSwipeDetector.h">
      <Filter>addons\ofxOpenNI</Filter>
    </ClInclude>
    <ClInclude Include="..\..\..\addons\ofxOpenNI\include\nite\XnVVirtualCoordinates.h">
      <Filter>addons\ofxOpenNI</Filter>
    </ClInclude>
    <ClInclude Include="..\..\..\addons\ofxOpenNI\include\nite\XnVWaveDetector.h">
      <Filter>addons\ofxOpenNI</Filter>
    </ClInclude>
    <ClInclude Include="..\..\..\addons\ofxOpenNI\src\ofxOpenNIRecorder.h">
      <Filter>addons\ofxOpenNI</Filter>
    </ClInclude>
    <ClInclude Include="..\..\..\addons\ofxOpenNI\src\ofxOpenNIMacros.h">
      <Filter>addons\ofxOpenNI</Filter>
    </ClInclude>
    <ClInclude Include="..\..\..\addons\ofxOpenNI\src\ofxOpenNI.h">
      <Filter>addons\ofxOpenNI</Filter>
    </ClInclude>
    <ClInclude Include="..\..\..\addons\ofxKinectUsers\src\ofxIRGenerator.h">
      <Filter>addons\ofxOpenNI</Filter>
    </ClInclude>
    <ClInclude Include="..\..\..\addons\ofxOpenNI\src\ofxIRGenerator.h">
      <Filter>addons\ofxOpenNI</Filter>
    </ClInclude>
    <ClInclude Include="..\..\..\addons\ofxOpenNI\src\ofxImageGenerator.h">
      <Filter>addons\ofxOpenNI</Filter>
    </ClInclude>
    <ClInclude Include="..\..\..\addons\ofxOpenNI\src\ofxHardwareDriver.h">
      <Filter>addons\ofxOpenNI</Filter>
    </ClInclude>
    <ClInclude Include="..\..\..\addons\ofxOpenNI\src\ofxOpenNIContext.h">
      <Filter>addons\ofxOpenNI</Filter>
    </ClInclude>
    <ClInclude Include="..\..\..\addons\ofxKinectUsers\src\ofxOpenNIProxy.h">
      <Filter>addons\ofxKinectUsers</Filter>
    </ClInclude>
    <ClInclude Include="..\..\..\addons\ofxOsc\libs\oscpack\src\ip\IpEndpointName.h">
      <Filter>addons\ofxOthers</Filter>
    </ClInclude>
    <ClInclude Include="..\..\..\addons\ofxOpenNI\include\openni\IXnNodeAllocator.h">
      <Filter>addons\ofxOthers</Filter>
    </ClInclude>
    <ClInclude Include="..\..\..\addons\ofxOsc\libs\oscpack\src\osc\MessageMappingOscPacketListener.h">
      <Filter>addons\ofxOthers</Filter>
    </ClInclude>
    <ClInclude Include="..\..\..\addons\ofxOsc\libs\oscpack\src\ip\NetworkingUtils.h">
      <Filter>addons\ofxOthers</Filter>
    </ClInclude>
    <ClInclude Include="..\..\..\addons\ofxAssimpModelLoader\src\ofx3DBaseLoader.h">
      <Filter>addons\ofxOthers</Filter>
    </ClInclude>
    <ClInclude Include="..\..\..\addons\ofxAssimpModelLoader\src\ofxAssimpMeshHelper.h">
      <Filter>addons\ofxOthers</Filter>
    </ClInclude>
    <ClInclude Include="..\..\..\addons\ofxAssimpModelLoader\src\ofxAssimpModelLoader.h">
      <Filter>addons\ofxOthers</Filter>
    </ClInclude>
    <ClInclude Include="..\..\..\addons\ofxOpenNI\src\ofxDepthGenerator.h">
      <Filter>addons\ofxOthers</Filter>
    </ClInclude>
    <ClInclude Include="..\..\..\addons\ofxGifDecoder\src\ofxGifDecoder.h">
      <Filter>addons\ofxOthers</Filter>
    </ClInclude>
    <ClInclude Include="..\..\..\addons\ofxGifDecoder\src\ofxGifFile.h">
      <Filter>addons\ofxOthers</Filter>
    </ClInclude>
    <ClInclude Include="..\..\..\addons\ofxGifDecoder\src\ofxGifFrame.h">
      <Filter>addons\ofxOthers</Filter>
    </ClInclude>
    <ClInclude Include="..\..\..\addons\ofxOsc\src\ofxOsc.h">
      <Filter>addons\ofxOthers</Filter>
    </ClInclude>
    <ClInclude Include="..\..\..\addons\ofxOsc\src\ofxOscArg.h">
      <Filter>addons\ofxOthers</Filter>
    </ClInclude>
    <ClInclude Include="..\..\..\addons\ofxOsc\src\ofxOscBundle.h">
      <Filter>addons\ofxOthers</Filter>
    </ClInclude>
    <ClInclude Include="..\..\..\addons\ofxOsc\src\ofxOscMessage.h">
      <Filter>addons\ofxOthers</Filter>
    </ClInclude>
    <ClInclude Include="..\..\..\addons\ofxOsc\src\ofxOscReceiver.h">
      <Filter>addons\ofxOthers</Filter>
    </ClInclude>
    <ClInclude Include="..\..\..\addons\ofxOsc\src\ofxOscSender.h">
      <Filter>addons\ofxOthers</Filter>
    </ClInclude>
    <ClInclude Include="..\..\..\addons\ofxKinectUsers\src\ofxTUIO.h">
      <Filter>addons\ofxOthers</Filter>
    </ClInclude>
    <ClInclude Include="..\..\..\addons\ofxXmlSettings\src\ofxXmlSettings.h">
      <Filter>addons\ofxOthers</Filter>
    </ClInclude>
    <ClInclude Include="..\..\..\addons\ofxOsc\libs\oscpack\src\osc\OscException.h">
      <Filter>addons\ofxOthers</Filter>
    </ClInclude>
    <ClInclude Include="..\..\..\addons\ofxOsc\libs\oscpack\src\osc\OscHostEndianness.h">
      <Filter>addons\ofxOthers</Filter>
    </ClInclude>
    <ClInclude Include="..\..\..\addons\ofxOsc\libs\oscpack\src\osc\OscOutboundPacketStream.h">
      <Filter>addons\ofxOthers</Filter>
    </ClInclude>
    <ClInclude Include="..\..\..\addons\ofxOsc\libs\oscpack\src\osc\OscPacketListener.h">
      <Filter>addons\ofxOthers</Filter>
    </ClInclude>
    <ClInclude Include="..\..\..\addons\ofxOsc\libs\oscpack\src\osc\OscPrintReceivedElements.h">
      <Filter>addons\ofxOthers</Filter>
    </ClInclude>
    <ClInclude Include="..\..\..\addons\ofxOsc\libs\oscpack\src\osc\OscReceivedElements.h">
      <Filter>addons\ofxOthers</Filter>
    </ClInclude>
    <ClInclude Include="..\..\..\addons\ofxOsc\libs\oscpack\src\osc\OscTypes.h">
      <Filter>addons\ofxOthers</Filter>
    </ClInclude>
    <ClInclude Include="..\..\..\addons\ofxOsc\libs\oscpack\src\ip\PacketListener.h">
      <Filter>addons\ofxOthers</Filter>
    </ClInclude>
    <ClInclude Include="..\..\..\addons\ofxOsc\libs\oscpack\src\ip\TimerListener.h">
      <Filter>addons\ofxOthers</Filter>
    </ClInclude>
    <ClInclude Include="..\..\..\addons\ofxXmlSettings\libs\tinyxml.h">
      <Filter>addons\ofxOthers</Filter>
    </ClInclude>
    <ClInclude Include="..\..\..\addons\ofxOsc\libs\oscpack\src\ip\UdpSocket.h">
      <Filter>addons\ofxOthers</Filter>
    </ClInclude>
    <ClInclude Include="..\..\..\addons\ofxOpenNI\include\openni\Win32\usb100.h">
      <Filter>addons\ofxOthers</Filter>
    </ClInclude>
    <ClInclude Include="..\..\..\addons\ofxOpenNI\src\ofxHandGenerator.h">
      <Filter>addons\ofxOpenNI</Filter>
    </ClInclude>
    <ClInclude Include="..\..\..\addons\ofxOpenNI\src\ofxGestureGenerator.h">
      <Filter>addons\ofxOpenNI</Filter>
    </ClInclude>
    <ClInclude Include="src\GamingScene3.h">
      <Filter>src</Filter>
    </ClInclude>
    <ClInclude Include="src\PreDef.h">
      <Filter>src</Filter>
    </ClInclude>
    <ClInclude Include="src\GamingScene4.h">
      <Filter>src</Filter>
    </ClInclude>
    <ClInclude Include="..\..\..\addons\ofxKinectUsers\src\ofxKTools.h">
      <Filter>addons\ofxKinectUsers</Filter>
    </ClInclude>
    <ClInclude Include="..\..\..\addons\ofxParticleEmitter\src\ofx3DParticleEmitter.h">
      <Filter>addons\ofxParticleEmitter</Filter>
    </ClInclude>
    <ClInclude Include="..\..\..\addons\ofxParticleEmitter\src\ofxListParticleEmitter.h">
      <Filter>addons\ofxParticleEmitter</Filter>
    </ClInclude>
    <ClInclude Include="..\..\..\addons\ofxParticleEmitter\src\ofxParticleEmitter.h">
      <Filter>addons\ofxParticleEmitter</Filter>
    </ClInclude>
    <ClInclude Include="src\ButterFly.h">
      <Filter>src</Filter>
    </ClInclude>
    <ClInclude Include="src\SceneObject.h">
      <Filter>src</Filter>
    </ClInclude>
    <ClInclude Include="src\SceneManager.h">
      <Filter>src</Filter>
    </ClInclude>
    <ClInclude Include="src\GamingScene1.h">
      <Filter>src</Filter>
    </ClInclude>
    <ClInclude Include="src\WindGenerator.h">
      <Filter>src</Filter>
    </ClInclude>
    <ClInclude Include="src\GamingScene5.h">
      <Filter>src</Filter>
    </ClInclude>
    <ClInclude Include="src\Flower.h">
      <Filter>src</Filter>
    </ClInclude>
    <ClInclude Include="src\WindParticle.h">
      <Filter>src</Filter>
    </ClInclude>
  </ItemGroup>
  <ItemGroup>
    <Filter Include="src">
      <UniqueIdentifier>{dd3c6e1b-9997-44b5-bca4-ab9d117ffb7f}</UniqueIdentifier>
    </Filter>
    <Filter Include="addons">
      <UniqueIdentifier>{fca90a9e-e128-449f-b306-68ec81d408fd}</UniqueIdentifier>
    </Filter>
    <Filter Include="addons\ofxKinectUsers">
      <UniqueIdentifier>{a15e864d-0d7a-462c-afe1-6c3cd00da8ce}</UniqueIdentifier>
    </Filter>
    <Filter Include="addons\ofxOpenNI">
      <UniqueIdentifier>{d088834d-69d2-4244-80c0-16d2432a4326}</UniqueIdentifier>
    </Filter>
    <Filter Include="addons\ofxOthers">
      <UniqueIdentifier>{e4ddccf9-9be5-4e81-8776-4461ea419732}</UniqueIdentifier>
    </Filter>
    <Filter Include="addons\ofxParticleEmitter">
      <UniqueIdentifier>{caa14eac-4872-48b1-b876-467106d29343}</UniqueIdentifier>
    </Filter>
  </ItemGroup>
  <ItemGroup>
    <None Include="bin\data\config.xml">
      <Filter>src</Filter>
    </None>
  </ItemGroup>
</Project>